
Microsoft Visual Studio Solution File, Format Version 12.00
# Visual Studio Version 17
VisualStudioVersion = 17.6.33723.286
MinimumVisualStudioVersion = 10.0.40219.1
Project("{FAE04EC0-301F-11D3-BF4B-00C04F79EFBC}") = "Promedio 1 - Mendoza Hurtado Behigin", "Promedio 1 - Mendoza Hurtado Behigin\Promedio 1 - Mendoza Hurtado Behigin.csproj", "{4836B990-ED69-44C8-B7C8-6F861ABDE399}"
EndProject
Global
	GlobalSection(SolutionConfigurationPlatforms) = preSolution
		Debug|Any CPU = Debug|Any CPU
		Release|Any CPU = Release|Any CPU
	EndGlobalSection
	GlobalSection(ProjectConfigurationPlatforms) = postSolution
		{4836B990-ED69-44C8-B7C8-6F861ABDE399}.Debug|Any CPU.ActiveCfg = Debug|Any CPU
		{4836B990-ED69-44C8-B7C8-6F861ABDE399}.Debug|Any CPU.Build.0 = Debug|Any CPU
		{4836B990-ED69-44C8-B7C8-6F861ABDE399}.Release|Any CPU.ActiveCfg = Release|Any CPU
		{4836B990-ED69-44C8-B7C8-6F861ABDE399}.Release|Any CPU.Build.0 = Release|Any CPU
	EndGlobalSection
	GlobalSection(SolutionProperties) = preSolution
		HideSolutionNode = FALSE
	EndGlobalSection
	GlobalSection(ExtensibilityGlobals) = postSolution
		SolutionGuid = {F310F332-04FA-46CE-8986-313655F7B5A5}
	EndGlobalSection
EndGlobal
